
Microsoft Visual Studio Solution File, Format Version 12.00
# Visual Studio 14
VisualStudioVersion = 14.0.24720.0
MinimumVisualStudioVersion = 10.0.40219.1
Project("{2150E333-8FDC-42A3-9474-1A3956D46DE8}") = "Solution Items", "Solution Items", "{74F4DB4D-0838-460A-948C-97A21C2FB5C0}"
	ProjectSection(SolutionItems) = preProject
		.gitignore = .gitignore
		TODO.txt = TODO.txt
	EndProjectSection
EndProject
Project("{FAE04EC0-301F-11D3-BF4B-00C04F79EFBC}") = "SetVersion.Lib", "SetVersion.Lib\SetVersion.Lib.csproj", "{9E008D23-15A0-4320-9051-6A2D6DF8FE88}"
EndProject
Project("{FAE04EC0-301F-11D3-BF4B-00C04F79EFBC}") = "SetVersion.Lib.Tests", "SetVersion.Lib.Tests\SetVersion.Lib.Tests.csproj", "{988C05DC-E6F7-4DBE-B45D-15260EF2ECEB}"
EndProject
Project("{FAE04EC0-301F-11D3-BF4B-00C04F79EFBC}") = "SetVersion", "SetVersion\SetVersion.csproj", "{7941C36E-F366-434E-9BE4-5551399E73ED}"
EndProject
Project("{FAE04EC0-301F-11D3-BF4B-00C04F79EFBC}") = "GetVersion", "GetVersion\GetVersion.csproj", "{C4B22C38-B39A-47F4-9C23-262EABF3C072}"
EndProject
Global
	GlobalSection(SolutionConfigurationPlatforms) = preSolution
		Debug|Any CPU = Debug|Any CPU
		Release|Any CPU = Release|Any CPU
	EndGlobalSection
	GlobalSection(ProjectConfigurationPlatforms) = postSolution
		{9E008D23-15A0-4320-9051-6A2D6DF8FE88}.Debug|Any CPU.ActiveCfg = Debug|Any CPU
		{9E008D23-15A0-4320-9051-6A2D6DF8FE88}.Debug|Any CPU.Build.0 = Debug|Any CPU
		{9E008D23-15A0-4320-9051-6A2D6DF8FE88}.Release|Any CPU.ActiveCfg = Release|Any CPU
		{9E008D23-15A0-4320-9051-6A2D6DF8FE88}.Release|Any CPU.Build.0 = Release|Any CPU
		{988C05DC-E6F7-4DBE-B45D-15260EF2ECEB}.Debug|Any CPU.ActiveCfg = Debug|Any CPU
		{988C05DC-E6F7-4DBE-B45D-15260EF2ECEB}.Debug|Any CPU.Build.0 = Debug|Any CPU
		{988C05DC-E6F7-4DBE-B45D-15260EF2ECEB}.Release|Any CPU.ActiveCfg = Release|Any CPU
		{988C05DC-E6F7-4DBE-B45D-15260EF2ECEB}.Release|Any CPU.Build.0 = Release|Any CPU
		{7941C36E-F366-434E-9BE4-5551399E73ED}.Debug|Any CPU.ActiveCfg = Debug|Any CPU
		{7941C36E-F366-434E-9BE4-5551399E73ED}.Debug|Any CPU.Build.0 = Debug|Any CPU
		{7941C36E-F366-434E-9BE4-5551399E73ED}.Release|Any CPU.ActiveCfg = Release|Any CPU
		{7941C36E-F366-434E-9BE4-5551399E73ED}.Release|Any CPU.Build.0 = Release|Any CPU
		{C4B22C38-B39A-47F4-9C23-262EABF3C072}.Debug|Any CPU.ActiveCfg = Debug|Any CPU
		{C4B22C38-B39A-47F4-9C23-262EABF3C072}.Debug|Any CPU.Build.0 = Debug|Any CPU
		{C4B22C38-B39A-47F4-9C23-262EABF3C072}.Release|Any CPU.ActiveCfg = Release|Any CPU
		{C4B22C38-B39A-47F4-9C23-262EABF3C072}.Release|Any CPU.Build.0 = Release|Any CPU
	EndGlobalSection
	GlobalSection(SolutionProperties) = preSolution
		HideSolutionNode = FALSE
	EndGlobalSection
EndGlobal
