
Microsoft Visual Studio Solution File, Format Version 12.00
# Visual Studio 14
VisualStudioVersion = 14.0.24720.0
MinimumVisualStudioVersion = 10.0.40219.1
Project("{FAE04EC0-301F-11D3-BF4B-00C04F79EFBC}") = "Basement", "Basement\Basement.csproj", "{47CF2B75-D399-4317-8E8D-7B69264919DE}"
EndProject
Project("{FAE04EC0-301F-11D3-BF4B-00C04F79EFBC}") = "GroundFloor", "GroundFloor\GroundFloor.csproj", "{4789119D-7CDF-44DC-9138-69C98107EA31}"
EndProject
Project("{FAE04EC0-301F-11D3-BF4B-00C04F79EFBC}") = "MidSection", "MidSection\MidSection.csproj", "{3F5FE968-FE80-408F-A415-F7685A24F56B}"
EndProject
Project("{FAE04EC0-301F-11D3-BF4B-00C04F79EFBC}") = "Penthouse", "Penthouse\Penthouse.csproj", "{A46AF111-21AD-4948-8758-AF6A2B221AFA}"
EndProject
Project("{2150E333-8FDC-42A3-9474-1A3956D46DE8}") = "Solution Items", "Solution Items", "{991D6EE2-47CA-4ED3-97D1-E4C956C9B687}"
	ProjectSection(SolutionItems) = preProject
		do_stuff.cmd = do_stuff.cmd
		local_push_latest.cmd = local_push_latest.cmd
		README.md = README.md
		set_version.cmd = set_version.cmd
	EndProjectSection
EndProject
Global
	GlobalSection(SolutionConfigurationPlatforms) = preSolution
		Debug|Any CPU = Debug|Any CPU
		Release|Any CPU = Release|Any CPU
	EndGlobalSection
	GlobalSection(ProjectConfigurationPlatforms) = postSolution
		{47CF2B75-D399-4317-8E8D-7B69264919DE}.Debug|Any CPU.ActiveCfg = Debug|Any CPU
		{47CF2B75-D399-4317-8E8D-7B69264919DE}.Debug|Any CPU.Build.0 = Debug|Any CPU
		{47CF2B75-D399-4317-8E8D-7B69264919DE}.Release|Any CPU.ActiveCfg = Release|Any CPU
		{47CF2B75-D399-4317-8E8D-7B69264919DE}.Release|Any CPU.Build.0 = Release|Any CPU
		{4789119D-7CDF-44DC-9138-69C98107EA31}.Debug|Any CPU.ActiveCfg = Debug|Any CPU
		{4789119D-7CDF-44DC-9138-69C98107EA31}.Debug|Any CPU.Build.0 = Debug|Any CPU
		{4789119D-7CDF-44DC-9138-69C98107EA31}.Release|Any CPU.ActiveCfg = Release|Any CPU
		{4789119D-7CDF-44DC-9138-69C98107EA31}.Release|Any CPU.Build.0 = Release|Any CPU
		{3F5FE968-FE80-408F-A415-F7685A24F56B}.Debug|Any CPU.ActiveCfg = Debug|Any CPU
		{3F5FE968-FE80-408F-A415-F7685A24F56B}.Debug|Any CPU.Build.0 = Debug|Any CPU
		{3F5FE968-FE80-408F-A415-F7685A24F56B}.Release|Any CPU.ActiveCfg = Release|Any CPU
		{3F5FE968-FE80-408F-A415-F7685A24F56B}.Release|Any CPU.Build.0 = Release|Any CPU
		{A46AF111-21AD-4948-8758-AF6A2B221AFA}.Debug|Any CPU.ActiveCfg = Debug|Any CPU
		{A46AF111-21AD-4948-8758-AF6A2B221AFA}.Debug|Any CPU.Build.0 = Debug|Any CPU
		{A46AF111-21AD-4948-8758-AF6A2B221AFA}.Release|Any CPU.ActiveCfg = Release|Any CPU
		{A46AF111-21AD-4948-8758-AF6A2B221AFA}.Release|Any CPU.Build.0 = Release|Any CPU
	EndGlobalSection
	GlobalSection(SolutionProperties) = preSolution
		HideSolutionNode = FALSE
	EndGlobalSection
EndGlobal
